
Microsoft Visual Studio Solution File, Format Version 12.00
# Visual Studio Version 17
VisualStudioVersion = 17.2.32616.157
MinimumVisualStudioVersion = 10.0.40219.1
Project("{FAE04EC0-301F-11D3-BF4B-00C04F79EFBC}") = "BikeRentalSystem", "BikeRentalSystem\BikeRentalSystem.csproj", "{12D945DD-F3B8-44BB-84C0-936B0F4DD898}"
EndProject
Global
	GlobalSection(SolutionConfigurationPlatforms) = preSolution
		Debug|Any CPU = Debug|Any CPU
		Release|Any CPU = Release|Any CPU
	EndGlobalSection
	GlobalSection(ProjectConfigurationPlatforms) = postSolution
		{12D945DD-F3B8-44BB-84C0-936B0F4DD898}.Debug|Any CPU.ActiveCfg = Debug|Any CPU
		{12D945DD-F3B8-44BB-84C0-936B0F4DD898}.Debug|Any CPU.Build.0 = Debug|Any CPU
		{12D945DD-F3B8-44BB-84C0-936B0F4DD898}.Release|Any CPU.ActiveCfg = Release|Any CPU
		{12D945DD-F3B8-44BB-84C0-936B0F4DD898}.Release|Any CPU.Build.0 = Release|Any CPU
	EndGlobalSection
	GlobalSection(SolutionProperties) = preSolution
		HideSolutionNode = FALSE
	EndGlobalSection
	GlobalSection(ExtensibilityGlobals) = postSolution
		SolutionGuid = {74750411-DF5E-4E08-88B0-5DFF4E329457}
	EndGlobalSection
EndGlobal
